
Microsoft Visual Studio Solution File, Format Version 12.00
# Visual Studio Version 16
VisualStudioVersion = 16.0.31112.23
MinimumVisualStudioVersion = 10.0.40219.1
Project("{FAE04EC0-301F-11D3-BF4B-00C04F79EFBC}") = "Api Rest", "Api Rest\Api Rest.csproj", "{E3E09525-695D-49FF-BC01-B4412FA04AF4}"
EndProject
Global
	GlobalSection(SolutionConfigurationPlatforms) = preSolution
		Debug|Any CPU = Debug|Any CPU
		Release|Any CPU = Release|Any CPU
	EndGlobalSection
	GlobalSection(ProjectConfigurationPlatforms) = postSolution
		{E3E09525-695D-49FF-BC01-B4412FA04AF4}.Debug|Any CPU.ActiveCfg = Debug|Any CPU
		{E3E09525-695D-49FF-BC01-B4412FA04AF4}.Debug|Any CPU.Build.0 = Debug|Any CPU
		{E3E09525-695D-49FF-BC01-B4412FA04AF4}.Release|Any CPU.ActiveCfg = Release|Any CPU
		{E3E09525-695D-49FF-BC01-B4412FA04AF4}.Release|Any CPU.Build.0 = Release|Any CPU
	EndGlobalSection
	GlobalSection(SolutionProperties) = preSolution
		HideSolutionNode = FALSE
	EndGlobalSection
	GlobalSection(ExtensibilityGlobals) = postSolution
		SolutionGuid = {ECCB16EC-E4FE-474D-B5CA-22BA052EC5F5}
	EndGlobalSection
EndGlobal
